// !$*UTF8*$!
{
	archiveVersion = 1;
	classes = {
	};
	objectVersion = 46;
	objects = {

/* Begin PBXBuildFile section */
		3C669F0A761385B2EF7DEC43 /* Pods_PrimeFactorsTests.framework in Frameworks */ = {isa = PBXBuildFile; fileRef = C183E14982C8D2C66436687E /* Pods_PrimeFactorsTests.framework */; };
		6E5F60931D1230E000590E71 /* PrimeFactorsBrain.swift in Sources */ = {isa = PBXBuildFile; fileRef = 6E5F60921D1230E000590E71 /* PrimeFactorsBrain.swift */; };
		6E5F60971D12332100590E71 /* PrimeFactorsBrainSpec.swift in Sources */ = {isa = PBXBuildFile; fileRef = 6E5F60961D12332100590E71 /* PrimeFactorsBrainSpec.swift */; };
		6EFB84BF1D10D318008CDCD9 /* AppDelegate.swift in Sources */ = {isa = PBXBuildFile; fileRef = 6EFB84BE1D10D318008CDCD9 /* AppDelegate.swift */; };
		6EFB84C11D10D318008CDCD9 /* ViewController.swift in Sources */ = {isa = PBXBuildFile; fileRef = 6EFB84C01D10D318008CDCD9 /* ViewController.swift */; };
		6EFB84C41D10D318008CDCD9 /* Main.storyboard in Resources */ = {isa = PBXBuildFile; fileRef = 6EFB84C21D10D318008CDCD9 /* Main.storyboard */; };
		6EFB84C61D10D318008CDCD9 /* Assets.xcassets in Resources */ = {isa = PBXBuildFile; fileRef = 6EFB84C51D10D318008CDCD9 /* Assets.xcassets */; };
		6EFB84C91D10D318008CDCD9 /* LaunchScreen.storyboard in Resources */ = {isa = PBXBuildFile; fileRef = 6EFB84C71D10D318008CDCD9 /* LaunchScreen.storyboard */; };
/* End PBXBuildFile section */

/* Begin PBXContainerItemProxy section */
		6EFB84D01D10D319008CDCD9 /* PBXContainerItemProxy */ = {
			isa = PBXContainerItemProxy;
			containerPortal = 6EFB84B31D10D318008CDCD9 /* Project object */;
			proxyType = 1;
			remoteGlobalIDString = 6EFB84BA1D10D318008CDCD9;
			remoteInfo = PrimeFactors;
		};
/* End PBXContainerItemProxy section */

/* Begin PBXFileReference section */
		339B95AD64EED1255FBB3268 /* Pods-PrimeFactorsTests.release.xcconfig */ = {isa = PBXFileReference; includeInIndex = 1; lastKnownFileType = text.xcconfig; name = "Pods-PrimeFactorsTests.release.xcconfig"; path = "Pods/Target Support Files/Pods-PrimeFactorsTests/Pods-PrimeFactorsTests.release.xcconfig"; sourceTree = "<group>"; };
		6E5F60921D1230E000590E71 /* PrimeFactorsBrain.swift */ = {isa = PBXFileReference; fileEncoding = 4; lastKnownFileType = sourcecode.swift; path = PrimeFactorsBrain.swift; sourceTree = "<group>"; };
		6E5F60961D12332100590E71 /* PrimeFactorsBrainSpec.swift */ = {isa = PBXFileReference; fileEncoding = 4; lastKnownFileType = sourcecode.swift; path = PrimeFactorsBrainSpec.swift; sourceTree = "<group>"; };
		6EFB84BB1D10D318008CDCD9 /* PrimeFactors.app */ = {isa = PBXFileReference; explicitFileType = wrapper.application; includeInIndex = 0; path = PrimeFactors.app; sourceTree = BUILT_PRODUCTS_DIR; };
		6EFB84BE1D10D318008CDCD9 /* AppDelegate.swift */ = {isa = PBXFileReference; lastKnownFileType = sourcecode.swift; path = AppDelegate.swift; sourceTree = "<group>"; };
		6EFB84C01D10D318008CDCD9 /* ViewController.swift */ = {isa = PBXFileReference; lastKnownFileType = sourcecode.swift; path = ViewController.swift; sourceTree = "<group>"; };
		6EFB84C31D10D318008CDCD9 /* Base */ = {isa = PBXFileReference; lastKnownFileType = file.storyboard; name = Base; path = Base.lproj/Main.storyboard; sourceTree = "<group>"; };
		6EFB84C51D10D318008CDCD9 /* Assets.xcassets */ = {isa = PBXFileReference; lastKnownFileType = folder.assetcatalog; path = Assets.xcassets; sourceTree = "<group>"; };
		6EFB84C81D10D318008CDCD9 /* Base */ = {isa = PBXFileReference; lastKnownFileType = file.storyboard; name = Base; path = Base.lproj/LaunchScreen.storyboard; sourceTree = "<group>"; };
		6EFB84CA1D10D318008CDCD9 /* Info.plist */ = {isa = PBXFileReference; lastKnownFileType = text.plist.xml; path = Info.plist; sourceTree = "<group>"; };
		6EFB84CF1D10D319008CDCD9 /* PrimeFactorsTests.xctest */ = {isa = PBXFileReference; explicitFileType = wrapper.cfbundle; includeInIndex = 0; path = PrimeFactorsTests.xctest; sourceTree = BUILT_PRODUCTS_DIR; };
		6EFB84D51D10D319008CDCD9 /* Info.plist */ = {isa = PBXFileReference; lastKnownFileType = text.plist.xml; path = Info.plist; sourceTree = "<group>"; };
		980B93EDA92537B64E07477D /* Pods-PrimeFactorsTests.debug.xcconfig */ = {isa = PBXFileReference; includeInIndex = 1; lastKnownFileType = text.xcconfig; name = "Pods-PrimeFactorsTests.debug.xcconfig"; path = "Pods/Target Support Files/Pods-PrimeFactorsTests/Pods-PrimeFactorsTests.debug.xcconfig"; sourceTree = "<group>"; };
		C183E14982C8D2C66436687E /* Pods_PrimeFactorsTests.framework */ = {isa = PBXFileReference; explicitFileType = wrapper.framework; includeInIndex = 0; path = Pods_PrimeFactorsTests.framework; sourceTree = BUILT_PRODUCTS_DIR; };
/* End PBXFileReference section */

/* Begin PBXFrameworksBuildPhase section */
		6EFB84B81D10D318008CDCD9 /* Frameworks */ = {
			isa = PBXFrameworksBuildPhase;
			buildActionMask = 2147483647;
			files = (
			);
			runOnlyForDeploymentPostprocessing = 0;
		};
		6EFB84CC1D10D319008CDCD9 /* Frameworks */ = {
			isa = PBXFrameworksBuildPhase;
			buildActionMask = 2147483647;
			files = (
				3C669F0A761385B2EF7DEC43 /* Pods_PrimeFactorsTests.framework in Frameworks */,
			);
			runOnlyForDeploymentPostprocessing = 0;
		};
/* End PBXFrameworksBuildPhase section */

/* Begin PBXGroup section */
		5EE20968C0747E1372EB386E /* Pods */ = {
			isa = PBXGroup;
			children = (
				980B93EDA92537B64E07477D /* Pods-PrimeFactorsTests.debug.xcconfig */,
				339B95AD64EED1255FBB3268 /* Pods-PrimeFactorsTests.release.xcconfig */,
			);
			name = Pods;
			sourceTree = "<group>";
		};
		6EFB84B21D10D318008CDCD9 = {
			isa = PBXGroup;
			children = (
				6EFB84BD1D10D318008CDCD9 /* PrimeFactors */,
				6EFB84D21D10D319008CDCD9 /* PrimeFactorsTests */,
				6EFB84BC1D10D318008CDCD9 /* Products */,
				5EE20968C0747E1372EB386E /* Pods */,
				70367A842006399F161FE93D /* Frameworks */,
			);
			sourceTree = "<group>";
		};
		6EFB84BC1D10D318008CDCD9 /* Products */ = {
			isa = PBXGroup;
			children = (
				6EFB84BB1D10D318008CDCD9 /* PrimeFactors.app */,
				6EFB84CF1D10D319008CDCD9 /* PrimeFactorsTests.xctest */,
			);
			name = Products;
			sourceTree = "<group>";
		};
		6EFB84BD1D10D318008CDCD9 /* PrimeFactors */ = {
			isa = PBXGroup;
			children = (
				6EFB84BE1D10D318008CDCD9 /* AppDelegate.swift */,
				6EFB84C01D10D318008CDCD9 /* ViewController.swift */,
				6EFB84C21D10D318008CDCD9 /* Main.storyboard */,
				6EFB84C51D10D318008CDCD9 /* Assets.xcassets */,
				6EFB84C71D10D318008CDCD9 /* LaunchScreen.storyboard */,
				6EFB84CA1D10D318008CDCD9 /* Info.plist */,
				6E5F60921D1230E000590E71 /* PrimeFactorsBrain.swift */,
			);
			path = PrimeFactors;
			sourceTree = "<group>";
		};
		6EFB84D21D10D319008CDCD9 /* PrimeFactorsTests */ = {
			isa = PBXGroup;
			children = (
				6EFB84D51D10D319008CDCD9 /* Info.plist */,
				6E5F60961D12332100590E71 /* PrimeFactorsBrainSpec.swift */,
			);
			path = PrimeFactorsTests;
			sourceTree = "<group>";
		};
		70367A842006399F161FE93D /* Frameworks */ = {
			isa = PBXGroup;
			children = (
				C183E14982C8D2C66436687E /* Pods_PrimeFactorsTests.framework */,
			);
			name = Frameworks;
			sourceTree = "<group>";
		};
/* End PBXGroup section */

/* Begin PBXNativeTarget section */
		6EFB84BA1D10D318008CDCD9 /* PrimeFactors */ = {
			isa = PBXNativeTarget;
			buildConfigurationList = 6EFB84D81D10D319008CDCD9 /* Build configuration list for PBXNativeTarget "PrimeFactors" */;
			buildPhases = (
				6EFB84B71D10D318008CDCD9 /* Sources */,
				6EFB84B81D10D318008CDCD9 /* Frameworks */,
				6EFB84B91D10D318008CDCD9 /* Resources */,
			);
			buildRules = (
			);
			dependencies = (
			);
			name = PrimeFactors;
			productName = PrimeFactors;
			productReference = 6EFB84BB1D10D318008CDCD9 /* PrimeFactors.app */;
			productType = "com.apple.product-type.application";
		};
		6EFB84CE1D10D319008CDCD9 /* PrimeFactorsTests */ = {
			isa = PBXNativeTarget;
			buildConfigurationList = 6EFB84DB1D10D319008CDCD9 /* Build configuration list for PBXNativeTarget "PrimeFactorsTests" */;
			buildPhases = (
				64D93F3CC6B3315C5B6C53E0 /* [CP] Check Pods Manifest.lock */,
				6EFB84CB1D10D319008CDCD9 /* Sources */,
				6EFB84CC1D10D319008CDCD9 /* Frameworks */,
				6EFB84CD1D10D319008CDCD9 /* Resources */,
				1B4D5096EFBEEDFB4C2238A9 /* [CP] Embed Pods Frameworks */,
				687F855505DC520BF95BD0AF /* [CP] Copy Pods Resources */,
			);
			buildRules = (
			);
			dependencies = (
				6EFB84D11D10D319008CDCD9 /* PBXTargetDependency */,
			);
			name = PrimeFactorsTests;
			productName = PrimeFactorsTests;
			productReference = 6EFB84CF1D10D319008CDCD9 /* PrimeFactorsTests.xctest */;
			productType = "com.apple.product-type.bundle.unit-test";
		};
/* End PBXNativeTarget section */

/* Begin PBXProject section */
		6EFB84B31D10D318008CDCD9 /* Project object */ = {
			isa = PBXProject;
			attributes = {
				LastSwiftUpdateCheck = 0730;
				LastUpgradeCheck = 0730;
				ORGANIZATIONNAME = "Cyrus Vandrevala";
				TargetAttributes = {
					6EFB84BA1D10D318008CDCD9 = {
						CreatedOnToolsVersion = 7.3.1;
						DevelopmentTeam = K5JVXNKUGY;
					};
					6EFB84CE1D10D319008CDCD9 = {
						CreatedOnToolsVersion = 7.3.1;
						DevelopmentTeam = K5JVXNKUGY;
						TestTargetID = 6EFB84BA1D10D318008CDCD9;
					};
				};
			};
			buildConfigurationList = 6EFB84B61D10D318008CDCD9 /* Build configuration list for PBXProject "PrimeFactors" */;
			compatibilityVersion = "Xcode 3.2";
			developmentRegion = English;
			hasScannedForEncodings = 0;
			knownRegions = (
				en,
				Base,
			);
			mainGroup = 6EFB84B21D10D318008CDCD9;
			productRefGroup = 6EFB84BC1D10D318008CDCD9 /* Products */;
			projectDirPath = "";
			projectRoot = "";
			targets = (
				6EFB84BA1D10D318008CDCD9 /* PrimeFactors */,
				6EFB84CE1D10D319008CDCD9 /* PrimeFactorsTests */,
			);
		};
/* End PBXProject section */

/* Begin PBXResourcesBuildPhase section */
		6EFB84B91D10D318008CDCD9 /* Resources */ = {
			isa = PBXResourcesBuildPhase;
			buildActionMask = 2147483647;
			files = (
				6EFB84C91D10D318008CDCD9 /* LaunchScreen.storyboard in Resources */,
				6EFB84C61D10D318008CDCD9 /* Assets.xcassets in Resources */,
				6EFB84C41D10D318008CDCD9 /* Main.storyboard in Resources */,
			);
			runOnlyForDeploymentPostprocessing = 0;
		};
		6EFB84CD1D10D319008CDCD9 /* Resources */ = {
			isa = PBXResourcesBuildPhase;
			buildActionMask = 2147483647;
			files = (
			);
			runOnlyForDeploymentPostprocessing = 0;
		};
/* End PBXResourcesBuildPhase section */

/* Begin PBXShellScriptBuildPhase section */
		1B4D5096EFBEEDFB4C2238A9 /* [CP] Embed Pods Frameworks */ = {
			isa = PBXShellScriptBuildPhase;
			buildActionMask = 2147483647;
			files = (
			);
			inputPaths = (
			);
			name = "[CP] Embed Pods Frameworks";
			outputPaths = (
			);
			runOnlyForDeploymentPostprocessing = 0;
			shellPath = /bin/sh;
			shellScript = "\"${SRCROOT}/Pods/Target Support Files/Pods-PrimeFactorsTests/Pods-PrimeFactorsTests-frameworks.sh\"\n";
			showEnvVarsInLog = 0;
		};
		64D93F3CC6B3315C5B6C53E0 /* [CP] Check Pods Manifest.lock */ = {
			isa = PBXShellScriptBuildPhase;
			buildActionMask = 2147483647;
			files = (
			);
			inputPaths = (
			);
			name = "[CP] Check Pods Manifest.lock";
			outputPaths = (
			);
			runOnlyForDeploymentPostprocessing = 0;
			shellPath = /bin/sh;
			shellScript = "diff \"${PODS_ROOT}/../Podfile.lock\" \"${PODS_ROOT}/Manifest.lock\" > /dev/null\nif [[ $? != 0 ]] ; then\n    cat << EOM\nerror: The sandbox is not in sync with the Podfile.lock. Run 'pod install' or update your CocoaPods installation.\nEOM\n    exit 1\nfi\n";
			showEnvVarsInLog = 0;
		};
		687F855505DC520BF95BD0AF /* [CP] Copy Pods Resources */ = {
			isa = PBXShellScriptBuildPhase;
			buildActionMask = 2147483647;
			files = (
			);
			inputPaths = (
			);
			name = "[CP] Copy Pods Resources";
			outputPaths = (
			);
			runOnlyForDeploymentPostprocessing = 0;
			shellPath = /bin/sh;
			shellScript = "\"${SRCROOT}/Pods/Target Support Files/Pods-PrimeFactorsTests/Pods-PrimeFactorsTests-resources.sh\"\n";
			showEnvVarsInLog = 0;
		};
/* End PBXShellScriptBuildPhase section */

/* Begin PBXSourcesBuildPhase section */
		6EFB84B71D10D318008CDCD9 /* Sources */ = {
			isa = PBXSourcesBuildPhase;
			buildActionMask = 2147483647;
			files = (
				6E5F60931D1230E000590E71 /* PrimeFactorsBrain.swift in Sources */,
				6EFB84C11D10D318008CDCD9 /* ViewController.swift in Sources */,
				6EFB84BF1D10D318008CDCD9 /* AppDelegate.swift in Sources */,
			);
			runOnlyForDeploymentPostprocessing = 0;
		};
		6EFB84CB1D10D319008CDCD9 /* Sources */ = {
			isa = PBXSourcesBuildPhase;
			buildActionMask = 2147483647;
			files = (
				6E5F60971D12332100590E71 /* PrimeFactorsBrainSpec.swift in Sources */,
			);
			runOnlyForDeploymentPostprocessing = 0;
		};
/* End PBXSourcesBuildPhase section */

/* Begin PBXTargetDependency section */
		6EFB84D11D10D319008CDCD9 /* PBXTargetDependency */ = {
			isa = PBXTargetDependency;
			target = 6EFB84BA1D10D318008CDCD9 /* PrimeFactors */;
			targetProxy = 6EFB84D01D10D319008CDCD9 /* PBXContainerItemProxy */;
		};
/* End PBXTargetDependency section */

/* Begin PBXVariantGroup section */
		6EFB84C21D10D318008CDCD9 /* Main.storyboard */ = {
			isa = PBXVariantGroup;
			children = (
				6EFB84C31D10D318008CDCD9 /* Base */,
			);
			name = Main.storyboard;
			sourceTree = "<group>";
		};
		6EFB84C71D10D318008CDCD9 /* LaunchScreen.storyboard */ = {
			isa = PBXVariantGroup;
			children = (
				6EFB84C81D10D318008CDCD9 /* Base */,
			);
			name = LaunchScreen.storyboard;
			sourceTree = "<group>";
		};
/* End PBXVariantGroup section */

/* Begin XCBuildConfiguration section */
		6EFB84D61D10D319008CDCD9 /* Debug */ = {
			isa = XCBuildConfiguration;
			buildSettings = {
				ALWAYS_SEARCH_USER_PATHS = NO;
				CLANG_ANALYZER_NONNULL = YES;
				CLANG_CXX_LANGUAGE_STANDARD = "gnu++0x";
				CLANG_CXX_LIBRARY = "libc++";
				CLANG_ENABLE_MODULES = YES;
				CLANG_ENABLE_OBJC_ARC = YES;
				CLANG_WARN_BOOL_CONVERSION = YES;
				CLANG_WARN_CONSTANT_CONVERSION = YES;
				CLANG_WARN_DIRECT_OBJC_ISA_USAGE = YES_ERROR;
				CLANG_WARN_EMPTY_BODY = YES;
				CLANG_WARN_ENUM_CONVERSION = YES;
				CLANG_WARN_INT_CONVERSION = YES;
				CLANG_WARN_OBJC_ROOT_CLASS = YES_ERROR;
				CLANG_WARN_UNREACHABLE_CODE = YES;
				CLANG_WARN__DUPLICATE_METHOD_MATCH = YES;
				"CODE_SIGN_IDENTITY[sdk=iphoneos*]" = "iPhone Developer";
				COPY_PHASE_STRIP = NO;
				DEBUG_INFORMATION_FORMAT = dwarf;
				ENABLE_STRICT_OBJC_MSGSEND = YES;
				ENABLE_TESTABILITY = YES;
				GCC_C_LANGUAGE_STANDARD = gnu99;
				GCC_DYNAMIC_NO_PIC = NO;
				GCC_NO_COMMON_BLOCKS = YES;
				GCC_OPTIMIZATION_LEVEL = 0;
				GCC_PREPROCESSOR_DEFINITIONS = (
					"DEBUG=1",
					"$(inherited)",
				);
				GCC_WARN_64_TO_32_BIT_CONVERSION = YES;
				GCC_WARN_ABOUT_RETURN_TYPE = YES_ERROR;
				GCC_WARN_UNDECLARED_SELECTOR = YES;
				GCC_WARN_UNINITIALIZED_AUTOS = YES_AGGRESSIVE;
				GCC_WARN_UNUSED_FUNCTION = YES;
				GCC_WARN_UNUSED_VARIABLE = YES;
				IPHONEOS_DEPLOYMENT_TARGET = 9.3;
				MTL_ENABLE_DEBUG_INFO = YES;
				ONLY_ACTIVE_ARCH = YES;
				SDKROOT = iphoneos;
				SWIFT_OPTIMIZATION_LEVEL = "-Onone";
				TARGETED_DEVICE_FAMILY = "1,2";
			};
			name = Debug;
		};
		6EFB84D71D10D319008CDCD9 /* Release */ = {
			isa = XCBuildConfiguration;
			buildSettings = {
				ALWAYS_SEARCH_USER_PATHS = NO;
				CLANG_ANALYZER_NONNULL = YES;
				CLANG_CXX_LANGUAGE_STANDARD = "gnu++0x";
				CLANG_CXX_LIBRARY = "libc++";
				CLANG_ENABLE_MODULES = YES;
				CLANG_ENABLE_OBJC_ARC = YES;
				CLANG_WARN_BOOL_CONVERSION = YES;
				CLANG_WARN_CONSTANT_CONVERSION = YES;
				CLANG_WARN_DIRECT_OBJC_ISA_USAGE = YES_ERROR;
				CLANG_WARN_EMPTY_BODY = YES;
				CLANG_WARN_ENUM_CONVERSION = YES;
				CLANG_WARN_INT_CONVERSION = YES;
				CLANG_WARN_OBJC_ROOT_CLASS = YES_ERROR;
				CLANG_WARN_UNREACHABLE_CODE = YES;
				CLANG_WARN__DUPLICATE_METHOD_MATCH = YES;
				"CODE_SIGN_IDENTITY[sdk=iphoneos*]" = "iPhone Developer";
				COPY_PHASE_STRIP = NO;
				DEBUG_INFORMATION_FORMAT = "dwarf-with-dsym";
				ENABLE_NS_ASSERTIONS = NO;
				ENABLE_STRICT_OBJC_MSGSEND = YES;
				GCC_C_LANGUAGE_STANDARD = gnu99;
				GCC_NO_COMMON_BLOCKS = YES;
				GCC_WARN_64_TO_32_BIT_CONVERSION = YES;
				GCC_WARN_ABOUT_RETURN_TYPE = YES_ERROR;
				GCC_WARN_UNDECLARED_SELECTOR = YES;
				GCC_WARN_UNINITIALIZED_AUTOS = YES_AGGRESSIVE;
				GCC_WARN_UNUSED_FUNCTION = YES;
				GCC_WARN_UNUSED_VARIABLE = YES;
				IPHONEOS_DEPLOYMENT_TARGET = 9.3;
				MTL_ENABLE_DEBUG_INFO = NO;
				SDKROOT = iphoneos;
				TARGETED_DEVICE_FAMILY = "1,2";
				VALIDATE_PRODUCT = YES;
			};
			name = Release;
		};
		6EFB84D91D10D319008CDCD9 /* Debug */ = {
			isa = XCBuildConfiguration;
			buildSettings = {
				ASSETCATALOG_COMPILER_APPICON_NAME = AppIcon;
				INFOPLIST_FILE = PrimeFactors/Info.plist;
				LD_RUNPATH_SEARCH_PATHS = "$(inherited) @executable_path/Frameworks";
				PRODUCT_BUNDLE_IDENTIFIER = com.cyrusvandrevala.PrimeFactors;
				PRODUCT_NAME = "$(TARGET_NAME)";
			};
			name = Debug;
		};
		6EFB84DA1D10D319008CDCD9 /* Release */ = {
			isa = XCBuildConfiguration;
			buildSettings = {
				ASSETCATALOG_COMPILER_APPICON_NAME = AppIcon;
				INFOPLIST_FILE = PrimeFactors/Info.plist;
				LD_RUNPATH_SEARCH_PATHS = "$(inherited) @executable_path/Frameworks";
				PRODUCT_BUNDLE_IDENTIFIER = com.cyrusvandrevala.PrimeFactors;
				PRODUCT_NAME = "$(TARGET_NAME)";
			};
			name = Release;
		};
		6EFB84DC1D10D319008CDCD9 /* Debug */ = {
			isa = XCBuildConfiguration;
			baseConfigurationReference = 980B93EDA92537B64E07477D /* Pods-PrimeFactorsTests.debug.xcconfig */;
			buildSettings = {
				BUNDLE_LOADER = "$(TEST_HOST)";
				INFOPLIST_FILE = PrimeFactorsTests/Info.plist;
				LD_RUNPATH_SEARCH_PATHS = "$(inherited) @executable_path/Frameworks @loader_path/Frameworks";
				PRODUCT_BUNDLE_IDENTIFIER = com.cyrusvandrevala.PrimeFactorsTests;
				PRODUCT_NAME = "$(TARGET_NAME)";
				TEST_HOST = "$(BUILT_PRODUCTS_DIR)/PrimeFactors.app/PrimeFactors";
			};
			name = Debug;
		};
		6EFB84DD1D10D319008CDCD9 /* Release */ = {
			isa = XCBuildConfiguration;
			baseConfigurationReference = 339B95AD64EED1255FBB3268 /* Pods-PrimeFactorsTests.release.xcconfig */;
			buildSettings = {
				BUNDLE_LOADER = "$(TEST_HOST)";
				INFOPLIST_FILE = PrimeFactorsTests/Info.plist;
				LD_RUNPATH_SEARCH_PATHS = "$(inherited) @executable_path/Frameworks @loader_path/Frameworks";
				PRODUCT_BUNDLE_IDENTIFIER = com.cyrusvandrevala.PrimeFactorsTests;
				PRODUCT_NAME = "$(TARGET_NAME)";
				TEST_HOST = "$(BUILT_PRODUCTS_DIR)/PrimeFactors.app/PrimeFactors";
			};
			name = Release;
		};
/* End XCBuildConfiguration section */

/* Begin XCConfigurationList section */
		6EFB84B61D10D318008CDCD9 /* Build configuration list for PBXProject "PrimeFactors" */ = {
			isa = XCConfigurationList;
			buildConfigurations = (
				6EFB84D61D10D319008CDCD9 /* Debug */,
				6EFB84D71D10D319008CDCD9 /* Release */,
			);
			defaultConfigurationIsVisible = 0;
			defaultConfigurationName = Release;
		};
		6EFB84D81D10D319008CDCD9 /* Build configuration list for PBXNativeTarget "PrimeFactors" */ = {
			isa = XCConfigurationList;
			buildConfigurations = (
				6EFB84D91D10D319008CDCD9 /* Debug */,
				6EFB84DA1D10D319008CDCD9 /* Release */,
			);
			defaultConfigurationIsVisible = 0;
			defaultConfigurationName = Release;
		};
		6EFB84DB1D10D319008CDCD9 /* Build configuration list for PBXNativeTarget "PrimeFactorsTests" */ = {
			isa = XCConfigurationList;
			buildConfigurations = (
				6EFB84DC1D10D319008CDCD9 /* Debug */,
				6EFB84DD1D10D319008CDCD9 /* Release */,
			);
			defaultConfigurationIsVisible = 0;
			defaultConfigurationName = Release;
		};
/* End XCConfigurationList section */
	};
	rootObject = 6EFB84B31D10D318008CDCD9 /* Project object */;
}
